PODS:
  - Charts (3.1.1):
    - Charts/Core (= 3.1.1)
  - Charts/Core (3.1.1)
  - SQLite.swift (0.11.5):
    - SQLite.swift/standard (= 0.11.5)
  - SQLite.swift/standard (0.11.5)
  - XLForm (4.0.0)

DEPENDENCIES:
  - Charts (~> 3.1.1)
  - SQLite.swift (~> 0.11.5)
  - XLForm (~> 4.0)

SPEC REPOS:
  https://github.com/CocoaPods/Specs.git:
    - Charts
    - SQLite.swift
    - XLForm

SPEC CHECKSUMS:
  Charts: 90a4d61da0f6e06684c591e3bcab11940fe61736
  SQLite.swift: 6e5356850bb1791459f8c16d6ee9195b28714a2e
  XLForm: 04110197c12187dd28a6c7295d3d8b95f4fdb4de

PODFILE CHECKSUM: 85c9da4f89eb99148abcda48a961bf4e878397fc

COCOAPODS: 1.5.0
